
Microsoft Visual Studio Solution File, Format Version 12.00
# Visual Studio Version 17
VisualStudioVersion = 17.6.33829.357
MinimumVisualStudioVersion = 10.0.40219.1
Project("{FAE04EC0-301F-11D3-BF4B-00C04F79EFBC}") = "AT2 Wiki Task", "AT2 Wiki Task\AT2 Wiki Task.csproj", "{39E16620-280A-4EFF-AD63-68BD9DE8C3D6}"
EndProject
Global
	GlobalSection(SolutionConfigurationPlatforms) = preSolution
		Debug|Any CPU = Debug|Any CPU
		Release|Any CPU = Release|Any CPU
	EndGlobalSection
	GlobalSection(ProjectConfigurationPlatforms) = postSolution
		{39E16620-280A-4EFF-AD63-68BD9DE8C3D6}.Debug|Any CPU.ActiveCfg = Debug|Any CPU
		{39E16620-280A-4EFF-AD63-68BD9DE8C3D6}.Debug|Any CPU.Build.0 = Debug|Any CPU
		{39E16620-280A-4EFF-AD63-68BD9DE8C3D6}.Release|Any CPU.ActiveCfg = Release|Any CPU
		{39E16620-280A-4EFF-AD63-68BD9DE8C3D6}.Release|Any CPU.Build.0 = Release|Any CPU
	EndGlobalSection
	GlobalSection(SolutionProperties) = preSolution
		HideSolutionNode = FALSE
	EndGlobalSection
	GlobalSection(ExtensibilityGlobals) = postSolution
		SolutionGuid = {AABDC2C3-57FD-4617-99B7-07039F8DE8FA}
	EndGlobalSection
EndGlobal
